
Microsoft Visual Studio Solution File, Format Version 12.00
# Visual Studio Version 17
VisualStudioVersion = 17.5.33627.172
MinimumVisualStudioVersion = 10.0.40219.1
Project("{9A19103F-16F7-4668-BE54-9A1E7A4F7556}") = "NumberSelector", "NumberSelector.csproj", "{BC99E3E1-5897-40B5-B84B-0B120C926E90}"
EndProject
Global
	GlobalSection(SolutionConfigurationPlatforms) = preSolution
		Debug|Any CPU = Debug|Any CPU
		Release|Any CPU = Release|Any CPU
	EndGlobalSection
	GlobalSection(ProjectConfigurationPlatforms) = postSolution
		{BC99E3E1-5897-40B5-B84B-0B120C926E90}.Debug|Any CPU.ActiveCfg = Debug|Any CPU
		{BC99E3E1-5897-40B5-B84B-0B120C926E90}.Debug|Any CPU.Build.0 = Debug|Any CPU
		{BC99E3E1-5897-40B5-B84B-0B120C926E90}.Release|Any CPU.ActiveCfg = Release|Any CPU
		{BC99E3E1-5897-40B5-B84B-0B120C926E90}.Release|Any CPU.Build.0 = Release|Any CPU
	EndGlobalSection
	GlobalSection(SolutionProperties) = preSolution
		HideSolutionNode = FALSE
	EndGlobalSection
	GlobalSection(ExtensibilityGlobals) = postSolution
		SolutionGuid = {44F4A0E9-15E9-4A6B-A086-E586DB242905}
	EndGlobalSection
EndGlobal
